<?xml version="1.0" encoding="utf-8"?>
<Project ToolsVersion="4.0" xmlns="http://schemas.microsoft.com/developer/msbuild/2003">
  <Import Project="LVGL.Core.vcxitems.filters" />
  <Import Project="LVGL.Demonstrations.vcxitems.filters" />
  <Import Project="LVGL.Drivers.vcxitems.filters" />
  <ItemGroup>
    <ClInclude Include="lv_conf.h" />
    <ClInclude Include="lv_drv_conf.h" />
  </ItemGroup>
  <ItemGroup>
    <ClInclude Include="lv_demo_conf.h" />
  </ItemGroup>
  <ItemGroup>
    <Manifest Include="LVGL.Simulator.manifest" />
  </ItemGroup>
  <ItemGroup>
    <ClInclude Include="Mile.Project.Properties.h" />
    <ClInclude Include="resource.h" />
  </ItemGroup>
  <ItemGroup>
    <ClCompile Include="LVGL.Simulator.cpp" />
    <ClCompile Include="lvgl\examples\widgets\MIRI-M\Charging_Battery.c" />
    <ClCompile Include="lvgl\examples\widgets\MIRI-M\Dish.c" />
    <ClCompile Include="lvgl\examples\widgets\MIRI-M\NoDish.c" />
    <ClCompile Include="lvgl\examples\widgets\MIRI-M\lv_mirim_main_display.c" />
    <ClCompile Include="lvgl\examples\widgets\MIRI-M\lv_mirim_docking.c" />
    <ClCompile Include="lvgl\examples\widgets\MIRI-M\lv_mirim_power_off.c" />
    <ClCompile Include="lvgl\examples\widgets\MIRI-M\lv_mirim_power_on.c" />
    <ClCompile Include="lvgl\examples\widgets\MIRI-M\lv_mirim_lid_opened.c" />
    <ClCompile Include="lvgl\examples\widgets\MIRI-M\lv_mirim_low_battery_alarm.c" />
    <ClCompile Include="lvgl\examples\widgets\MIRI-M\lv_mirim_low_temperature_alarm.c" />
    <ClCompile Include="lvgl\examples\widgets\MIRI-M\lv_mirim_tilted_warning.c" />
    <ClCompile Include="lvgl\examples\widgets\MIRI-M\lv_mirim_tilted_alarm.c" />
    <ClCompile Include="lvgl\examples\widgets\MIRI-M\lv_mirim_transfer_mode.c" />
    <ClCompile Include="lvgl\examples\widgets\MIRI-M\lv_mirim_transfer_alarm.c" />
    <ClCompile Include="lvgl\examples\widgets\MIRI-M\lv_mirim_freeze_embryos.c" />
    <ClCompile Include="lvgl\examples\widgets\MIRI-M\lv_mirim_docked.c" />
    <ClCompile Include="lvgl\examples\widgets\MIRI-M\lv_mirim_undocked.c" />
    <ClCompile Include="lvgl\examples\widgets\MIRI-M\lv_mirim_treatment_unknown.c" />
    <ClCompile Include="lvgl\examples\widgets\MIRI-M\lv_mirim_undocking.c" />
    <ClCompile Include="lvgl\examples\widgets\MIRI-M\Loading.c" />
    <ClCompile Include="lvgl\examples\widgets\MIRI-M\Padlock_Open.c" />
    <ClCompile Include="lvgl\examples\widgets\MIRI-M\Padlock_Closed.c" />
    <ClCompile Include="lvgl\src\font\lv_font_roboto_12.c" />
    <ClCompile Include="lvgl\src\font\lv_font_roboto_26.c" />
    <ClCompile Include="lvgl\src\font\lv_font_roboto_40.c" />
    <ClCompile Include="lvgl\src\font\lv_font_roboto_60.c" />
    <ClCompile Include="lvgl\src\font\lv_font_roboto_bold_12.c" />
    <ClCompile Include="lvgl\src\font\lv_font_roboto_bold_26.c" />
    <ClCompile Include="lvgl\src\font\lv_font_roboto_bold_40.c" />
    <ClCompile Include="lvgl\src\font\lv_font_roboto_bold_60.c" />
  </ItemGroup>
  <ItemGroup>
    <ResourceCompile Include="LVGL.Simulator.rc" />
  </ItemGroup>
  <ItemGroup>
    <Image Include="LVGL.ico" />
  </ItemGroup>
  <ItemGroup>
    <None Include="freetype.props" />
  </ItemGroup>
</Project>